
Microsoft Visual Studio Solution File, Format Version 12.00
# Visual Studio Version 16
VisualStudioVersion = 16.0.30320.27
MinimumVisualStudioVersion = 10.0.40219.1
Project("{FAE04EC0-301F-11D3-BF4B-00C04F79EFBC}") = "Simple_IMDB.UI", "Simple_IMDB.UI\Simple_IMDB.UI.csproj", "{BB27FB5E-990D-4ADE-862A-A8B8E7CF3AC1}"
EndProject
Project("{FAE04EC0-301F-11D3-BF4B-00C04F79EFBC}") = "Simple_IMDB.Core", "Simple_IMDB.Core\Simple_IMDB.Core.csproj", "{A9A8C313-A411-4693-89CE-EEE8BA5D3337}"
EndProject
Project("{FAE04EC0-301F-11D3-BF4B-00C04F79EFBC}") = "Simple_IMDB.Model", "Simple_IMDB.Model\Simple_IMDB.Model.csproj", "{88AC5503-BBEA-4C4B-8A2C-A7E294ABB48F}"
EndProject
Global
	GlobalSection(SolutionConfigurationPlatforms) = preSolution
		Debug|Any CPU = Debug|Any CPU
		Release|Any CPU = Release|Any CPU
	EndGlobalSection
	GlobalSection(ProjectConfigurationPlatforms) = postSolution
		{BB27FB5E-990D-4ADE-862A-A8B8E7CF3AC1}.Debug|Any CPU.ActiveCfg = Debug|Any CPU
		{BB27FB5E-990D-4ADE-862A-A8B8E7CF3AC1}.Debug|Any CPU.Build.0 = Debug|Any CPU
		{BB27FB5E-990D-4ADE-862A-A8B8E7CF3AC1}.Release|Any CPU.ActiveCfg = Release|Any CPU
		{BB27FB5E-990D-4ADE-862A-A8B8E7CF3AC1}.Release|Any CPU.Build.0 = Release|Any CPU
		{A9A8C313-A411-4693-89CE-EEE8BA5D3337}.Debug|Any CPU.ActiveCfg = Debug|Any CPU
		{A9A8C313-A411-4693-89CE-EEE8BA5D3337}.Debug|Any CPU.Build.0 = Debug|Any CPU
		{A9A8C313-A411-4693-89CE-EEE8BA5D3337}.Release|Any CPU.ActiveCfg = Release|Any CPU
		{A9A8C313-A411-4693-89CE-EEE8BA5D3337}.Release|Any CPU.Build.0 = Release|Any CPU
		{88AC5503-BBEA-4C4B-8A2C-A7E294ABB48F}.Debug|Any CPU.ActiveCfg = Debug|Any CPU
		{88AC5503-BBEA-4C4B-8A2C-A7E294ABB48F}.Debug|Any CPU.Build.0 = Debug|Any CPU
		{88AC5503-BBEA-4C4B-8A2C-A7E294ABB48F}.Release|Any CPU.ActiveCfg = Release|Any CPU
		{88AC5503-BBEA-4C4B-8A2C-A7E294ABB48F}.Release|Any CPU.Build.0 = Release|Any CPU
	EndGlobalSection
	GlobalSection(SolutionProperties) = preSolution
		HideSolutionNode = FALSE
	EndGlobalSection
	GlobalSection(ExtensibilityGlobals) = postSolution
		SolutionGuid = {FF08D4A0-6D1F-4DEC-8E8C-C2470FC0829A}
	EndGlobalSection
EndGlobal
